
Microsoft Visual Studio Solution File, Format Version 12.00
# Visual Studio Version 16
VisualStudioVersion = 16.0.30621.155
MinimumVisualStudioVersion = 10.0.40219.1
Project("{9A19103F-16F7-4668-BE54-9A1E7A4F7556}") = "ToDoList.Api", "ToDoList.Api\ToDoList.Api.csproj", "{EBD680F5-DAA1-458C-8E91-99D0735F1CB3}"
EndProject
Project("{9A19103F-16F7-4668-BE54-9A1E7A4F7556}") = "ToDoList.Core", "ToDoList.Core\ToDoList.Core.csproj", "{6EED597C-496E-409F-8BBA-AF68E00FC716}"
EndProject
Project("{9A19103F-16F7-4668-BE54-9A1E7A4F7556}") = "ToDoList.Test", "ToDoList.Test\ToDoList.Test.csproj", "{717B9C01-6A76-4B7E-8255-80284A2430D6}"
EndProject
Project("{9A19103F-16F7-4668-BE54-9A1E7A4F7556}") = "ToDoList.Dtos", "ToDoList.Dtos\ToDoList.Dtos.csproj", "{CE35D279-96F7-43D8-98F7-B7B4ED2B4542}"
EndProject
Project("{9A19103F-16F7-4668-BE54-9A1E7A4F7556}") = "ToDoList.LiteDB", "ToDoList.LiteDB\ToDoList.LiteDB.csproj", "{DDB05426-312E-442D-9217-700593A6480C}"
EndProject
Project("{9A19103F-16F7-4668-BE54-9A1E7A4F7556}") = "ToDoList.JsonDB", "ToDoList.JsonDB\ToDoList.JsonDB.csproj", "{4EDA3DAF-D02A-4BB5-9109-4C0B2DF7FC1F}"
EndProject
Global
	GlobalSection(SolutionConfigurationPlatforms) = preSolution
		Debug|Any CPU = Debug|Any CPU
		Debug|ARM = Debug|ARM
		Debug|ARM64 = Debug|ARM64
		Debug|x64 = Debug|x64
		Debug|x86 = Debug|x86
		Release|Any CPU = Release|Any CPU
		Release|ARM = Release|ARM
		Release|ARM64 = Release|ARM64
		Release|x64 = Release|x64
		Release|x86 = Release|x86
	EndGlobalSection
	GlobalSection(ProjectConfigurationPlatforms) = postSolution
		{EBD680F5-DAA1-458C-8E91-99D0735F1CB3}.Debug|Any CPU.ActiveCfg = Debug|Any CPU
		{EBD680F5-DAA1-458C-8E91-99D0735F1CB3}.Debug|Any CPU.Build.0 = Debug|Any CPU
		{EBD680F5-DAA1-458C-8E91-99D0735F1CB3}.Debug|ARM.ActiveCfg = Debug|Any CPU
		{EBD680F5-DAA1-458C-8E91-99D0735F1CB3}.Debug|ARM.Build.0 = Debug|Any CPU
		{EBD680F5-DAA1-458C-8E91-99D0735F1CB3}.Debug|ARM64.ActiveCfg = Debug|Any CPU
		{EBD680F5-DAA1-458C-8E91-99D0735F1CB3}.Debug|ARM64.Build.0 = Debug|Any CPU
		{EBD680F5-DAA1-458C-8E91-99D0735F1CB3}.Debug|x64.ActiveCfg = Debug|Any CPU
		{EBD680F5-DAA1-458C-8E91-99D0735F1CB3}.Debug|x64.Build.0 = Debug|Any CPU
		{EBD680F5-DAA1-458C-8E91-99D0735F1CB3}.Debug|x86.ActiveCfg = Debug|Any CPU
		{EBD680F5-DAA1-458C-8E91-99D0735F1CB3}.Debug|x86.Build.0 = Debug|Any CPU
		{EBD680F5-DAA1-458C-8E91-99D0735F1CB3}.Release|Any CPU.ActiveCfg = Release|Any CPU
		{EBD680F5-DAA1-458C-8E91-99D0735F1CB3}.Release|Any CPU.Build.0 = Release|Any CPU
		{EBD680F5-DAA1-458C-8E91-99D0735F1CB3}.Release|ARM.ActiveCfg = Release|Any CPU
		{EBD680F5-DAA1-458C-8E91-99D0735F1CB3}.Release|ARM.Build.0 = Release|Any CPU
		{EBD680F5-DAA1-458C-8E91-99D0735F1CB3}.Release|ARM64.ActiveCfg = Release|Any CPU
		{EBD680F5-DAA1-458C-8E91-99D0735F1CB3}.Release|ARM64.Build.0 = Release|Any CPU
		{EBD680F5-DAA1-458C-8E91-99D0735F1CB3}.Release|x64.ActiveCfg = Release|Any CPU
		{EBD680F5-DAA1-458C-8E91-99D0735F1CB3}.Release|x64.Build.0 = Release|Any CPU
		{EBD680F5-DAA1-458C-8E91-99D0735F1CB3}.Release|x86.ActiveCfg = Release|Any CPU
		{EBD680F5-DAA1-458C-8E91-99D0735F1CB3}.Release|x86.Build.0 = Release|Any CPU
		{6EED597C-496E-409F-8BBA-AF68E00FC716}.Debug|Any CPU.ActiveCfg = Debug|Any CPU
		{6EED597C-496E-409F-8BBA-AF68E00FC716}.Debug|Any CPU.Build.0 = Debug|Any CPU
		{6EED597C-496E-409F-8BBA-AF68E00FC716}.Debug|ARM.ActiveCfg = Debug|Any CPU
		{6EED597C-496E-409F-8BBA-AF68E00FC716}.Debug|ARM.Build.0 = Debug|Any CPU
		{6EED597C-496E-409F-8BBA-AF68E00FC716}.Debug|ARM64.ActiveCfg = Debug|Any CPU
		{6EED597C-496E-409F-8BBA-AF68E00FC716}.Debug|ARM64.Build.0 = Debug|Any CPU
		{6EED597C-496E-409F-8BBA-AF68E00FC716}.Debug|x64.ActiveCfg = Debug|Any CPU
		{6EED597C-496E-409F-8BBA-AF68E00FC716}.Debug|x64.Build.0 = Debug|Any CPU
		{6EED597C-496E-409F-8BBA-AF68E00FC716}.Debug|x86.ActiveCfg = Debug|Any CPU
		{6EED597C-496E-409F-8BBA-AF68E00FC716}.Debug|x86.Build.0 = Debug|Any CPU
		{6EED597C-496E-409F-8BBA-AF68E00FC716}.Release|Any CPU.ActiveCfg = Release|Any CPU
		{6EED597C-496E-409F-8BBA-AF68E00FC716}.Release|Any CPU.Build.0 = Release|Any CPU
		{6EED597C-496E-409F-8BBA-AF68E00FC716}.Release|ARM.ActiveCfg = Release|Any CPU
		{6EED597C-496E-409F-8BBA-AF68E00FC716}.Release|ARM.Build.0 = Release|Any CPU
		{6EED597C-496E-409F-8BBA-AF68E00FC716}.Release|ARM64.ActiveCfg = Release|Any CPU
		{6EED597C-496E-409F-8BBA-AF68E00FC716}.Release|ARM64.Build.0 = Release|Any CPU
		{6EED597C-496E-409F-8BBA-AF68E00FC716}.Release|x64.ActiveCfg = Release|Any CPU
		{6EED597C-496E-409F-8BBA-AF68E00FC716}.Release|x64.Build.0 = Release|Any CPU
		{6EED597C-496E-409F-8BBA-AF68E00FC716}.Release|x86.ActiveCfg = Release|Any CPU
		{6EED597C-496E-409F-8BBA-AF68E00FC716}.Release|x86.Build.0 = Release|Any CPU
		{717B9C01-6A76-4B7E-8255-80284A2430D6}.Debug|Any CPU.ActiveCfg = Debug|Any CPU
		{717B9C01-6A76-4B7E-8255-80284A2430D6}.Debug|Any CPU.Build.0 = Debug|Any CPU
		{717B9C01-6A76-4B7E-8255-80284A2430D6}.Debug|ARM.ActiveCfg = Debug|Any CPU
		{717B9C01-6A76-4B7E-8255-80284A2430D6}.Debug|ARM.Build.0 = Debug|Any CPU
		{717B9C01-6A76-4B7E-8255-80284A2430D6}.Debug|ARM64.ActiveCfg = Debug|Any CPU
		{717B9C01-6A76-4B7E-8255-80284A2430D6}.Debug|ARM64.Build.0 = Debug|Any CPU
		{717B9C01-6A76-4B7E-8255-80284A2430D6}.Debug|x64.ActiveCfg = Debug|Any CPU
		{717B9C01-6A76-4B7E-8255-80284A2430D6}.Debug|x64.Build.0 = Debug|Any CPU
		{717B9C01-6A76-4B7E-8255-80284A2430D6}.Debug|x86.ActiveCfg = Debug|Any CPU
		{717B9C01-6A76-4B7E-8255-80284A2430D6}.Debug|x86.Build.0 = Debug|Any CPU
		{717B9C01-6A76-4B7E-8255-80284A2430D6}.Release|Any CPU.ActiveCfg = Release|Any CPU
		{717B9C01-6A76-4B7E-8255-80284A2430D6}.Release|Any CPU.Build.0 = Release|Any CPU
		{717B9C01-6A76-4B7E-8255-80284A2430D6}.Release|ARM.ActiveCfg = Release|Any CPU
		{717B9C01-6A76-4B7E-8255-80284A2430D6}.Release|ARM.Build.0 = Release|Any CPU
		{717B9C01-6A76-4B7E-8255-80284A2430D6}.Release|ARM64.ActiveCfg = Release|Any CPU
		{717B9C01-6A76-4B7E-8255-80284A2430D6}.Release|ARM64.Build.0 = Release|Any CPU
		{717B9C01-6A76-4B7E-8255-80284A2430D6}.Release|x64.ActiveCfg = Release|Any CPU
		{717B9C01-6A76-4B7E-8255-80284A2430D6}.Release|x64.Build.0 = Release|Any CPU
		{717B9C01-6A76-4B7E-8255-80284A2430D6}.Release|x86.ActiveCfg = Release|Any CPU
		{717B9C01-6A76-4B7E-8255-80284A2430D6}.Release|x86.Build.0 = Release|Any CPU
		{CE35D279-96F7-43D8-98F7-B7B4ED2B4542}.Debug|Any CPU.ActiveCfg = Debug|Any CPU
		{CE35D279-96F7-43D8-98F7-B7B4ED2B4542}.Debug|Any CPU.Build.0 = Debug|Any CPU
		{CE35D279-96F7-43D8-98F7-B7B4ED2B4542}.Debug|ARM.ActiveCfg = Debug|Any CPU
		{CE35D279-96F7-43D8-98F7-B7B4ED2B4542}.Debug|ARM.Build.0 = Debug|Any CPU
		{CE35D279-96F7-43D8-98F7-B7B4ED2B4542}.Debug|ARM64.ActiveCfg = Debug|Any CPU
		{CE35D279-96F7-43D8-98F7-B7B4ED2B4542}.Debug|ARM64.Build.0 = Debug|Any CPU
		{CE35D279-96F7-43D8-98F7-B7B4ED2B4542}.Debug|x64.ActiveCfg = Debug|Any CPU
		{CE35D279-96F7-43D8-98F7-B7B4ED2B4542}.Debug|x64.Build.0 = Debug|Any CPU
		{CE35D279-96F7-43D8-98F7-B7B4ED2B4542}.Debug|x86.ActiveCfg = Debug|Any CPU
		{CE35D279-96F7-43D8-98F7-B7B4ED2B4542}.Debug|x86.Build.0 = Debug|Any CPU
		{CE35D279-96F7-43D8-98F7-B7B4ED2B4542}.Release|Any CPU.ActiveCfg = Release|Any CPU
		{CE35D279-96F7-43D8-98F7-B7B4ED2B4542}.Release|Any CPU.Build.0 = Release|Any CPU
		{CE35D279-96F7-43D8-98F7-B7B4ED2B4542}.Release|ARM.ActiveCfg = Release|Any CPU
		{CE35D279-96F7-43D8-98F7-B7B4ED2B4542}.Release|ARM.Build.0 = Release|Any CPU
		{CE35D279-96F7-43D8-98F7-B7B4ED2B4542}.Release|ARM64.ActiveCfg = Release|Any CPU
		{CE35D279-96F7-43D8-98F7-B7B4ED2B4542}.Release|ARM64.Build.0 = Release|Any CPU
		{CE35D279-96F7-43D8-98F7-B7B4ED2B4542}.Release|x64.ActiveCfg = Release|Any CPU
		{CE35D279-96F7-43D8-98F7-B7B4ED2B4542}.Release|x64.Build.0 = Release|Any CPU
		{CE35D279-96F7-43D8-98F7-B7B4ED2B4542}.Release|x86.ActiveCfg = Release|Any CPU
		{CE35D279-96F7-43D8-98F7-B7B4ED2B4542}.Release|x86.Build.0 = Release|Any CPU
		{DDB05426-312E-442D-9217-700593A6480C}.Debug|Any CPU.ActiveCfg = Debug|Any CPU
		{DDB05426-312E-442D-9217-700593A6480C}.Debug|Any CPU.Build.0 = Debug|Any CPU
		{DDB05426-312E-442D-9217-700593A6480C}.Debug|ARM.ActiveCfg = Debug|Any CPU
		{DDB05426-312E-442D-9217-700593A6480C}.Debug|ARM.Build.0 = Debug|Any CPU
		{DDB05426-312E-442D-9217-700593A6480C}.Debug|ARM64.ActiveCfg = Debug|Any CPU
		{DDB05426-312E-442D-9217-700593A6480C}.Debug|ARM64.Build.0 = Debug|Any CPU
		{DDB05426-312E-442D-9217-700593A6480C}.Debug|x64.ActiveCfg = Debug|Any CPU
		{DDB05426-312E-442D-9217-700593A6480C}.Debug|x64.Build.0 = Debug|Any CPU
		{DDB05426-312E-442D-9217-700593A6480C}.Debug|x86.ActiveCfg = Debug|Any CPU
		{DDB05426-312E-442D-9217-700593A6480C}.Debug|x86.Build.0 = Debug|Any CPU
		{DDB05426-312E-442D-9217-700593A6480C}.Release|Any CPU.ActiveCfg = Release|Any CPU
		{DDB05426-312E-442D-9217-700593A6480C}.Release|Any CPU.Build.0 = Release|Any CPU
		{DDB05426-312E-442D-9217-700593A6480C}.Release|ARM.ActiveCfg = Release|Any CPU
		{DDB05426-312E-442D-9217-700593A6480C}.Release|ARM.Build.0 = Release|Any CPU
		{DDB05426-312E-442D-9217-700593A6480C}.Release|ARM64.ActiveCfg = Release|Any CPU
		{DDB05426-312E-442D-9217-700593A6480C}.Release|ARM64.Build.0 = Release|Any CPU
		{DDB05426-312E-442D-9217-700593A6480C}.Release|x64.ActiveCfg = Release|Any CPU
		{DDB05426-312E-442D-9217-700593A6480C}.Release|x64.Build.0 = Release|Any CPU
		{DDB05426-312E-442D-9217-700593A6480C}.Release|x86.ActiveCfg = Release|Any CPU
		{DDB05426-312E-442D-9217-700593A6480C}.Release|x86.Build.0 = Release|Any CPU
		{4EDA3DAF-D02A-4BB5-9109-4C0B2DF7FC1F}.Debug|Any CPU.ActiveCfg = Debug|Any CPU
		{4EDA3DAF-D02A-4BB5-9109-4C0B2DF7FC1F}.Debug|Any CPU.Build.0 = Debug|Any CPU
		{4EDA3DAF-D02A-4BB5-9109-4C0B2DF7FC1F}.Debug|ARM.ActiveCfg = Debug|Any CPU
		{4EDA3DAF-D02A-4BB5-9109-4C0B2DF7FC1F}.Debug|ARM.Build.0 = Debug|Any CPU
		{4EDA3DAF-D02A-4BB5-9109-4C0B2DF7FC1F}.Debug|ARM64.ActiveCfg = Debug|Any CPU
		{4EDA3DAF-D02A-4BB5-9109-4C0B2DF7FC1F}.Debug|ARM64.Build.0 = Debug|Any CPU
		{4EDA3DAF-D02A-4BB5-9109-4C0B2DF7FC1F}.Debug|x64.ActiveCfg = Debug|Any CPU
		{4EDA3DAF-D02A-4BB5-9109-4C0B2DF7FC1F}.Debug|x64.Build.0 = Debug|Any CPU
		{4EDA3DAF-D02A-4BB5-9109-4C0B2DF7FC1F}.Debug|x86.ActiveCfg = Debug|Any CPU
		{4EDA3DAF-D02A-4BB5-9109-4C0B2DF7FC1F}.Debug|x86.Build.0 = Debug|Any CPU
		{4EDA3DAF-D02A-4BB5-9109-4C0B2DF7FC1F}.Release|Any CPU.ActiveCfg = Release|Any CPU
		{4EDA3DAF-D02A-4BB5-9109-4C0B2DF7FC1F}.Release|Any CPU.Build.0 = Release|Any CPU
		{4EDA3DAF-D02A-4BB5-9109-4C0B2DF7FC1F}.Release|ARM.ActiveCfg = Release|Any CPU
		{4EDA3DAF-D02A-4BB5-9109-4C0B2DF7FC1F}.Release|ARM.Build.0 = Release|Any CPU
		{4EDA3DAF-D02A-4BB5-9109-4C0B2DF7FC1F}.Release|ARM64.ActiveCfg = Release|Any CPU
		{4EDA3DAF-D02A-4BB5-9109-4C0B2DF7FC1F}.Release|ARM64.Build.0 = Release|Any CPU
		{4EDA3DAF-D02A-4BB5-9109-4C0B2DF7FC1F}.Release|x64.ActiveCfg = Release|Any CPU
		{4EDA3DAF-D02A-4BB5-9109-4C0B2DF7FC1F}.Release|x64.Build.0 = Release|Any CPU
		{4EDA3DAF-D02A-4BB5-9109-4C0B2DF7FC1F}.Release|x86.ActiveCfg = Release|Any CPU
		{4EDA3DAF-D02A-4BB5-9109-4C0B2DF7FC1F}.Release|x86.Build.0 = Release|Any CPU
	EndGlobalSection
	GlobalSection(SolutionProperties) = preSolution
		HideSolutionNode = FALSE
	EndGlobalSection
	GlobalSection(ExtensibilityGlobals) = postSolution
		SolutionGuid = {FEAE8C29-E2E8-4C5E-B85B-0C15AAADF651}
	EndGlobalSection
EndGlobal
